
Microsoft Visual Studio Solution File, Format Version 12.00
# Visual Studio Version 16
VisualStudioVersion = 16.0.29905.134
MinimumVisualStudioVersion = 10.0.40219.1
Project("{FAE04EC0-301F-11D3-BF4B-00C04F79EFBC}") = "WebStore.UI", "WebStore.UI\WebStore.UI.csproj", "{DBFF6B4F-EFEA-49C9-8A32-ECA848D7F598}"
EndProject
Global
	GlobalSection(SolutionConfigurationPlatforms) = preSolution
		Debug|Any CPU = Debug|Any CPU
		Release|Any CPU = Release|Any CPU
	EndGlobalSection
	GlobalSection(ProjectConfigurationPlatforms) = postSolution
		{DBFF6B4F-EFEA-49C9-8A32-ECA848D7F598}.Debug|Any CPU.ActiveCfg = Debug|Any CPU
		{DBFF6B4F-EFEA-49C9-8A32-ECA848D7F598}.Debug|Any CPU.Build.0 = Debug|Any CPU
		{DBFF6B4F-EFEA-49C9-8A32-ECA848D7F598}.Release|Any CPU.ActiveCfg = Release|Any CPU
		{DBFF6B4F-EFEA-49C9-8A32-ECA848D7F598}.Release|Any CPU.Build.0 = Release|Any CPU
	EndGlobalSection
	GlobalSection(SolutionProperties) = preSolution
		HideSolutionNode = FALSE
	EndGlobalSection
	GlobalSection(ExtensibilityGlobals) = postSolution
		SolutionGuid = {D12E9134-DC23-4D4E-90B5-22594EFC6C1F}
	EndGlobalSection
EndGlobal
